
Microsoft Visual Studio Solution File, Format Version 12.00
# Visual Studio Version 17
VisualStudioVersion = 17.10.35122.118
MinimumVisualStudioVersion = 10.0.40219.1
Project("{FAE04EC0-301F-11D3-BF4B-00C04F79EFBC}") = "KütüphaneYönetimSistemi", "KütüphaneYönetimSistemi\KütüphaneYönetimSistemi.csproj", "{C323677E-50E6-4F4D-9779-07EA5A7E625F}"
EndProject
Global
	GlobalSection(SolutionConfigurationPlatforms) = preSolution
		Debug|Any CPU = Debug|Any CPU
		Release|Any CPU = Release|Any CPU
	EndGlobalSection
	GlobalSection(ProjectConfigurationPlatforms) = postSolution
		{C323677E-50E6-4F4D-9779-07EA5A7E625F}.Debug|Any CPU.ActiveCfg = Debug|Any CPU
		{C323677E-50E6-4F4D-9779-07EA5A7E625F}.Debug|Any CPU.Build.0 = Debug|Any CPU
		{C323677E-50E6-4F4D-9779-07EA5A7E625F}.Release|Any CPU.ActiveCfg = Release|Any CPU
		{C323677E-50E6-4F4D-9779-07EA5A7E625F}.Release|Any CPU.Build.0 = Release|Any CPU
	EndGlobalSection
	GlobalSection(SolutionProperties) = preSolution
		HideSolutionNode = FALSE
	EndGlobalSection
	GlobalSection(ExtensibilityGlobals) = postSolution
		SolutionGuid = {82EE8113-CD39-4F50-9AE6-FF2FDCD1263F}
	EndGlobalSection
EndGlobal
